// !$*UTF8*$!
{
	archiveVersion = 1;
	classes = {
	};
	objectVersion = 56;
	objects = {

/* Begin PBXBuildFile section */
		5F6D84E928D52E8900716C86 /* SpaceTimeApp.swift in Sources */ = {isa = PBXBuildFile; fileRef = 5F6D84E828D52E8900716C86 /* SpaceTimeApp.swift */; };
		5F6D84EB28D52E8900716C86 /* ContentView.swift in Sources */ = {isa = PBXBuildFile; fileRef = 5F6D84EA28D52E8900716C86 /* ContentView.swift */; };
		5F6D84ED28D52E8A00716C86 /* Assets.xcassets in Resources */ = {isa = PBXBuildFile; fileRef = 5F6D84EC28D52E8A00716C86 /* Assets.xcassets */; };
		5F6D84F028D52E8A00716C86 /* Preview Assets.xcassets in Resources */ = {isa = PBXBuildFile; fileRef = 5F6D84EF28D52E8A00716C86 /* Preview Assets.xcassets */; };
		5F6D84F728D52EAE00716C86 /* LocalVideo.swift in Sources */ = {isa = PBXBuildFile; fileRef = 5F6D84F628D52EAE00716C86 /* LocalVideo.swift */; };
		5F6D84F928D52FE600716C86 /* SpaceItem.swift in Sources */ = {isa = PBXBuildFile; fileRef = 5F6D84F828D52FE600716C86 /* SpaceItem.swift */; };
		5F6D84FC28D5343B00716C86 /* SpaceListView.swift in Sources */ = {isa = PBXBuildFile; fileRef = 5F6D84FB28D5343B00716C86 /* SpaceListView.swift */; };
		5FB1A72E28D55FFA00560C39 /* APISpace.swift in Sources */ = {isa = PBXBuildFile; fileRef = 5FB1A72D28D55FFA00560C39 /* APISpace.swift */; };
		5FB1A73128D5644000560C39 /* SpaceView.swift in Sources */ = {isa = PBXBuildFile; fileRef = 5FB1A73028D5644000560C39 /* SpaceView.swift */; };
		5FB1A73328D56C9500560C39 /* SpaceControls.swift in Sources */ = {isa = PBXBuildFile; fileRef = 5FB1A73228D56C9500560C39 /* SpaceControls.swift */; };
		5FB1A73628D6344600560C39 /* TokenGenerator.swift in Sources */ = {isa = PBXBuildFile; fileRef = 5FB1A73528D6344600560C39 /* TokenGenerator.swift */; };
		5FB1A73928D6348300560C39 /* SwiftJWT in Frameworks */ = {isa = PBXBuildFile; productRef = 5FB1A73828D6348300560C39 /* SwiftJWT */; };
		5FB1A73B28D634D100560C39 /* EnvironmentVariables.swift in Sources */ = {isa = PBXBuildFile; fileRef = 5FB1A73A28D634D100560C39 /* EnvironmentVariables.swift */; };
		5FB1A73D28D63FF900560C39 /* SpaceJoinView.swift in Sources */ = {isa = PBXBuildFile; fileRef = 5FB1A73C28D63FF900560C39 /* SpaceJoinView.swift */; };
		5FB1A74628D640E000560C39 /* WebRTC.xcframework in Frameworks */ = {isa = PBXBuildFile; fileRef = 5FB1A73F28D640D100560C39 /* WebRTC.xcframework */; };
		5FB1A74728D640E000560C39 /* WebRTC.xcframework in Embed Frameworks */ = {isa = PBXBuildFile; fileRef = 5FB1A73F28D640D100560C39 /* WebRTC.xcframework */; settings = {ATTRIBUTES = (CodeSignOnCopy, RemoveHeadersOnCopy, ); }; };
		5FB1A74A28D64B1200560C39 /* SpaceClient.swift in Sources */ = {isa = PBXBuildFile; fileRef = 5FB1A74928D64B1200560C39 /* SpaceClient.swift */; };
		5FB1A75028D6647800560C39 /* SpacesVideo.swift in Sources */ = {isa = PBXBuildFile; fileRef = 5FB1A74F28D6647800560C39 /* SpacesVideo.swift */; };
		5FB1A75628D6A5F400560C39 /* RemoteVideo.swift in Sources */ = {isa = PBXBuildFile; fileRef = 5FB1A75528D6A5F400560C39 /* RemoteVideo.swift */; };
		5FB1A76528D738F900560C39 /* MuxSpaces.xcframework in Frameworks */ = {isa = PBXBuildFile; fileRef = 5FB1A76328D738F000560C39 /* MuxSpaces.xcframework */; };
		5FB1A76628D738F900560C39 /* MuxSpaces.xcframework in Embed Frameworks */ = {isa = PBXBuildFile; fileRef = 5FB1A76328D738F000560C39 /* MuxSpaces.xcframework */; settings = {ATTRIBUTES = (CodeSignOnCopy, RemoveHeadersOnCopy, ); }; };
/* End PBXBuildFile section */

/* Begin PBXCopyFilesBuildPhase section */
		5FB1A74528D640DF00560C39 /* Embed Frameworks */ = {
			isa = PBXCopyFilesBuildPhase;
			buildActionMask = 2147483647;
			dstPath = "";
			dstSubfolderSpec = 10;
			files = (
				5FB1A74728D640E000560C39 /* WebRTC.xcframework in Embed Frameworks */,
				5FB1A76628D738F900560C39 /* MuxSpaces.xcframework in Embed Frameworks */,
			);
			name = "Embed Frameworks";
			runOnlyForDeploymentPostprocessing = 0;
		};
/* End PBXCopyFilesBuildPhase section */

/* Begin PBXFileReference section */
		5F6D84E528D52E8900716C86 /* SpaceTime.app */ = {isa = PBXFileReference; explicitFileType = wrapper.application; includeInIndex = 0; path = SpaceTime.app; sourceTree = BUILT_PRODUCTS_DIR; };
		5F6D84E828D52E8900716C86 /* SpaceTimeApp.swift */ = {isa = PBXFileReference; lastKnownFileType = sourcecode.swift; path = SpaceTimeApp.swift; sourceTree = "<group>"; };
		5F6D84EA28D52E8900716C86 /* ContentView.swift */ = {isa = PBXFileReference; lastKnownFileType = sourcecode.swift; path = ContentView.swift; sourceTree = "<group>"; };
		5F6D84EC28D52E8A00716C86 /* Assets.xcassets */ = {isa = PBXFileReference; lastKnownFileType = folder.assetcatalog; path = Assets.xcassets; sourceTree = "<group>"; };
		5F6D84EF28D52E8A00716C86 /* Preview Assets.xcassets */ = {isa = PBXFileReference; lastKnownFileType = folder.assetcatalog; path = "Preview Assets.xcassets"; sourceTree = "<group>"; };
		5F6D84F628D52EAE00716C86 /* LocalVideo.swift */ = {isa = PBXFileReference; lastKnownFileType = sourcecode.swift; path = LocalVideo.swift; sourceTree = "<group>"; };
		5F6D84F828D52FE600716C86 /* SpaceItem.swift */ = {isa = PBXFileReference; lastKnownFileType = sourcecode.swift; path = SpaceItem.swift; sourceTree = "<group>"; };
		5F6D84FB28D5343B00716C86 /* SpaceListView.swift */ = {isa = PBXFileReference; lastKnownFileType = sourcecode.swift; path = SpaceListView.swift; sourceTree = "<group>"; };
		5FB1A72D28D55FFA00560C39 /* APISpace.swift */ = {isa = PBXFileReference; lastKnownFileType = sourcecode.swift; path = APISpace.swift; sourceTree = "<group>"; };
		5FB1A73028D5644000560C39 /* SpaceView.swift */ = {isa = PBXFileReference; lastKnownFileType = sourcecode.swift; path = SpaceView.swift; sourceTree = "<group>"; };
		5FB1A73228D56C9500560C39 /* SpaceControls.swift */ = {isa = PBXFileReference; lastKnownFileType = sourcecode.swift; path = SpaceControls.swift; sourceTree = "<group>"; };
		5FB1A73528D6344600560C39 /* TokenGenerator.swift */ = {isa = PBXFileReference; lastKnownFileType = sourcecode.swift; path = TokenGenerator.swift; sourceTree = "<group>"; };
		5FB1A73A28D634D100560C39 /* EnvironmentVariables.swift */ = {isa = PBXFileReference; lastKnownFileType = sourcecode.swift; path = EnvironmentVariables.swift; sourceTree = "<group>"; };
		5FB1A73C28D63FF900560C39 /* SpaceJoinView.swift */ = {isa = PBXFileReference; lastKnownFileType = sourcecode.swift; path = SpaceJoinView.swift; sourceTree = "<group>"; };
		5FB1A73F28D640D100560C39 /* WebRTC.xcframework */ = {isa = PBXFileReference; lastKnownFileType = wrapper.xcframework; path = WebRTC.xcframework; sourceTree = "<group>"; };
		5FB1A74828D6416F00560C39 /* Info.plist */ = {isa = PBXFileReference; lastKnownFileType = text.plist; path = Info.plist; sourceTree = "<group>"; };
		5FB1A74928D64B1200560C39 /* SpaceClient.swift */ = {isa = PBXFileReference; lastKnownFileType = sourcecode.swift; path = SpaceClient.swift; sourceTree = "<group>"; };
		5FB1A74F28D6647800560C39 /* SpacesVideo.swift */ = {isa = PBXFileReference; lastKnownFileType = sourcecode.swift; path = SpacesVideo.swift; sourceTree = "<group>"; };
		5FB1A75528D6A5F400560C39 /* RemoteVideo.swift */ = {isa = PBXFileReference; lastKnownFileType = sourcecode.swift; path = RemoteVideo.swift; sourceTree = "<group>"; };
		5FB1A76328D738F000560C39 /* MuxSpaces.xcframework */ = {isa = PBXFileReference; lastKnownFileType = wrapper.xcframework; path = MuxSpaces.xcframework; sourceTree = "<group>"; };
/* End PBXFileReference section */

/* Begin PBXFrameworksBuildPhase section */
		5F6D84E228D52E8900716C86 /* Frameworks */ = {
			isa = PBXFrameworksBuildPhase;
			buildActionMask = 2147483647;
			files = (
				5FB1A76528D738F900560C39 /* MuxSpaces.xcframework in Frameworks */,
				5FB1A73928D6348300560C39 /* SwiftJWT in Frameworks */,
				5FB1A74628D640E000560C39 /* WebRTC.xcframework in Frameworks */,
			);
			runOnlyForDeploymentPostprocessing = 0;
		};
/* End PBXFrameworksBuildPhase section */

/* Begin PBXGroup section */
		5F6D84DC28D52E8900716C86 = {
			isa = PBXGroup;
			children = (
				5FB1A73E28D640A800560C39 /* Frameworks */,
				5F6D84E728D52E8900716C86 /* SpaceTime */,
				5F6D84E628D52E8900716C86 /* Products */,
			);
			sourceTree = "<group>";
		};
		5F6D84E628D52E8900716C86 /* Products */ = {
			isa = PBXGroup;
			children = (
				5F6D84E528D52E8900716C86 /* SpaceTime.app */,
			);
			name = Products;
			sourceTree = "<group>";
		};
		5F6D84E728D52E8900716C86 /* SpaceTime */ = {
			isa = PBXGroup;
			children = (
				5FB1A74828D6416F00560C39 /* Info.plist */,
				5FB1A73428D6342F00560C39 /* Utils */,
				5FB1A72F28D5635200560C39 /* Views */,
				5FB1A72C28D55FE800560C39 /* Models */,
				5F6D84FA28D5342500716C86 /* Components */,
				5F6D84E828D52E8900716C86 /* SpaceTimeApp.swift */,
				5F6D84EC28D52E8A00716C86 /* Assets.xcassets */,
				5F6D84EE28D52E8A00716C86 /* Preview Content */,
			);
			path = SpaceTime;
			sourceTree = "<group>";
		};
		5F6D84EE28D52E8A00716C86 /* Preview Content */ = {
			isa = PBXGroup;
			children = (
				5F6D84EF28D52E8A00716C86 /* Preview Assets.xcassets */,
			);
			path = "Preview Content";
			sourceTree = "<group>";
		};
		5F6D84FA28D5342500716C86 /* Components */ = {
			isa = PBXGroup;
			children = (
				5F6D84F828D52FE600716C86 /* SpaceItem.swift */,
				5F6D84F628D52EAE00716C86 /* LocalVideo.swift */,
				5FB1A73228D56C9500560C39 /* SpaceControls.swift */,
				5FB1A74F28D6647800560C39 /* SpacesVideo.swift */,
				5FB1A75528D6A5F400560C39 /* RemoteVideo.swift */,
			);
			path = Components;
			sourceTree = "<group>";
		};
		5FB1A72C28D55FE800560C39 /* Models */ = {
			isa = PBXGroup;
			children = (
				5FB1A72D28D55FFA00560C39 /* APISpace.swift */,
				5FB1A74928D64B1200560C39 /* SpaceClient.swift */,
			);
			path = Models;
			sourceTree = "<group>";
		};
		5FB1A72F28D5635200560C39 /* Views */ = {
			isa = PBXGroup;
			children = (
				5F6D84EA28D52E8900716C86 /* ContentView.swift */,
				5F6D84FB28D5343B00716C86 /* SpaceListView.swift */,
				5FB1A73028D5644000560C39 /* SpaceView.swift */,
				5FB1A73C28D63FF900560C39 /* SpaceJoinView.swift */,
			);
			path = Views;
			sourceTree = "<group>";
		};
		5FB1A73428D6342F00560C39 /* Utils */ = {
			isa = PBXGroup;
			children = (
				5FB1A73528D6344600560C39 /* TokenGenerator.swift */,
				5FB1A73A28D634D100560C39 /* EnvironmentVariables.swift */,
			);
			path = Utils;
			sourceTree = "<group>";
		};
		5FB1A73E28D640A800560C39 /* Frameworks */ = {
			isa = PBXGroup;
			children = (
				5FB1A76328D738F000560C39 /* MuxSpaces.xcframework */,
				5FB1A73F28D640D100560C39 /* WebRTC.xcframework */,
			);
			path = Frameworks;
			sourceTree = "<group>";
		};
/* End PBXGroup section */

/* Begin PBXNativeTarget section */
		5F6D84E428D52E8900716C86 /* SpaceTime */ = {
			isa = PBXNativeTarget;
			buildConfigurationList = 5F6D84F328D52E8A00716C86 /* Build configuration list for PBXNativeTarget "SpaceTime" */;
			buildPhases = (
				5F6D84E128D52E8900716C86 /* Sources */,
				5F6D84E228D52E8900716C86 /* Frameworks */,
				5F6D84E328D52E8900716C86 /* Resources */,
				5FB1A74528D640DF00560C39 /* Embed Frameworks */,
			);
			buildRules = (
			);
			dependencies = (
			);
			name = SpaceTime;
			packageProductDependencies = (
				5FB1A73828D6348300560C39 /* SwiftJWT */,
			);
			productName = SpaceTime;
			productReference = 5F6D84E528D52E8900716C86 /* SpaceTime.app */;
			productType = "com.apple.product-type.application";
		};
/* End PBXNativeTarget section */

/* Begin PBXProject section */
		5F6D84DD28D52E8900716C86 /* Project object */ = {
			isa = PBXProject;
			attributes = {
				BuildIndependentTargetsInParallel = 1;
				LastSwiftUpdateCheck = 1410;
				LastUpgradeCheck = 1410;
				TargetAttributes = {
					5F6D84E428D52E8900716C86 = {
						CreatedOnToolsVersion = 14.1;
					};
				};
			};
			buildConfigurationList = 5F6D84E028D52E8900716C86 /* Build configuration list for PBXProject "SpaceTime" */;
			compatibilityVersion = "Xcode 14.0";
			developmentRegion = en;
			hasScannedForEncodings = 0;
			knownRegions = (
				en,
				Base,
			);
			mainGroup = 5F6D84DC28D52E8900716C86;
			packageReferences = (
				5FB1A73728D6348300560C39 /* XCRemoteSwiftPackageReference "Swift-JWT" */,
			);
			productRefGroup = 5F6D84E628D52E8900716C86 /* Products */;
			projectDirPath = "";
			projectRoot = "";
			targets = (
				5F6D84E428D52E8900716C86 /* SpaceTime */,
			);
		};
/* End PBXProject section */

/* Begin PBXResourcesBuildPhase section */
		5F6D84E328D52E8900716C86 /* Resources */ = {
			isa = PBXResourcesBuildPhase;
			buildActionMask = 2147483647;
			files = (
				5F6D84F028D52E8A00716C86 /* Preview Assets.xcassets in Resources */,
				5F6D84ED28D52E8A00716C86 /* Assets.xcassets in Resources */,
			);
			runOnlyForDeploymentPostprocessing = 0;
		};
/* End PBXResourcesBuildPhase section */

/* Begin PBXSourcesBuildPhase section */
		5F6D84E128D52E8900716C86 /* Sources */ = {
			isa = PBXSourcesBuildPhase;
			buildActionMask = 2147483647;
			files = (
				5FB1A73128D5644000560C39 /* SpaceView.swift in Sources */,
				5F6D84FC28D5343B00716C86 /* SpaceListView.swift in Sources */,
				5FB1A74A28D64B1200560C39 /* SpaceClient.swift in Sources */,
				5F6D84EB28D52E8900716C86 /* ContentView.swift in Sources */,
				5FB1A75028D6647800560C39 /* SpacesVideo.swift in Sources */,
				5FB1A73B28D634D100560C39 /* EnvironmentVariables.swift in Sources */,
				5FB1A73D28D63FF900560C39 /* SpaceJoinView.swift in Sources */,
				5FB1A72E28D55FFA00560C39 /* APISpace.swift in Sources */,
				5F6D84F928D52FE600716C86 /* SpaceItem.swift in Sources */,
				5FB1A75628D6A5F400560C39 /* RemoteVideo.swift in Sources */,
				5F6D84E928D52E8900716C86 /* SpaceTimeApp.swift in Sources */,
				5FB1A73328D56C9500560C39 /* SpaceControls.swift in Sources */,
				5FB1A73628D6344600560C39 /* TokenGenerator.swift in Sources */,
				5F6D84F728D52EAE00716C86 /* LocalVideo.swift in Sources */,
			);
			runOnlyForDeploymentPostprocessing = 0;
		};
/* End PBXSourcesBuildPhase section */

/* Begin XCBuildConfiguration section */
		5F6D84F128D52E8A00716C86 /* Debug */ = {
			isa = XCBuildConfiguration;
			buildSettings = {
				ALWAYS_SEARCH_USER_PATHS = NO;
				CLANG_ANALYZER_NONNULL = YES;
				CLANG_ANALYZER_NUMBER_OBJECT_CONVERSION = YES_AGGRESSIVE;
				CLANG_CXX_LANGUAGE_STANDARD = "gnu++20";
				CLANG_ENABLE_MODULES = YES;
				CLANG_ENABLE_OBJC_ARC = YES;
				CLANG_ENABLE_OBJC_WEAK = YES;
				CLANG_WARN_BLOCK_CAPTURE_AUTORELEASING = YES;
				CLANG_WARN_BOOL_CONVERSION = YES;
				CLANG_WARN_COMMA = YES;
				CLANG_WARN_CONSTANT_CONVERSION = YES;
				CLANG_WARN_DEPRECATED_OBJC_IMPLEMENTATIONS = YES;
				CLANG_WARN_DIRECT_OBJC_ISA_USAGE = YES_ERROR;
				CLANG_WARN_DOCUMENTATION_COMMENTS = YES;
				CLANG_WARN_EMPTY_BODY = YES;
				CLANG_WARN_ENUM_CONVERSION = YES;
				CLANG_WARN_INFINITE_RECURSION = YES;
				CLANG_WARN_INT_CONVERSION = YES;
				CLANG_WARN_NON_LITERAL_NULL_CONVERSION = YES;
				CLANG_WARN_OBJC_IMPLICIT_RETAIN_SELF = YES;
				CLANG_WARN_OBJC_LITERAL_CONVERSION = YES;
				CLANG_WARN_OBJC_ROOT_CLASS = YES_ERROR;
				CLANG_WARN_QUOTED_INCLUDE_IN_FRAMEWORK_HEADER = YES;
				CLANG_WARN_RANGE_LOOP_ANALYSIS = YES;
				CLANG_WARN_STRICT_PROTOTYPES = YES;
				CLANG_WARN_SUSPICIOUS_MOVE = YES;
				CLANG_WARN_UNGUARDED_AVAILABILITY = YES_AGGRESSIVE;
				CLANG_WARN_UNREACHABLE_CODE = YES;
				CLANG_WARN__DUPLICATE_METHOD_MATCH = YES;
				COPY_PHASE_STRIP = NO;
				DEBUG_INFORMATION_FORMAT = dwarf;
				ENABLE_STRICT_OBJC_MSGSEND = YES;
				ENABLE_TESTABILITY = YES;
				GCC_C_LANGUAGE_STANDARD = gnu11;
				GCC_DYNAMIC_NO_PIC = NO;
				GCC_NO_COMMON_BLOCKS = YES;
				GCC_OPTIMIZATION_LEVEL = 0;
				GCC_PREPROCESSOR_DEFINITIONS = (
					"DEBUG=1",
					"$(inherited)",
				);
				GCC_WARN_64_TO_32_BIT_CONVERSION = YES;
				GCC_WARN_ABOUT_RETURN_TYPE = YES_ERROR;
				GCC_WARN_UNDECLARED_SELECTOR = YES;
				GCC_WARN_UNINITIALIZED_AUTOS = YES_AGGRESSIVE;
				GCC_WARN_UNUSED_FUNCTION = YES;
				GCC_WARN_UNUSED_VARIABLE = YES;
				IPHONEOS_DEPLOYMENT_TARGET = 16.1;
				MTL_ENABLE_DEBUG_INFO = INCLUDE_SOURCE;
				MTL_FAST_MATH = YES;
				ONLY_ACTIVE_ARCH = YES;
				SDKROOT = iphoneos;
				SWIFT_ACTIVE_COMPILATION_CONDITIONS = DEBUG;
				SWIFT_OPTIMIZATION_LEVEL = "-Onone";
			};
			name = Debug;
		};
		5F6D84F228D52E8A00716C86 /* Release */ = {
			isa = XCBuildConfiguration;
			buildSettings = {
				ALWAYS_SEARCH_USER_PATHS = NO;
				CLANG_ANALYZER_NONNULL = YES;
				CLANG_ANALYZER_NUMBER_OBJECT_CONVERSION = YES_AGGRESSIVE;
				CLANG_CXX_LANGUAGE_STANDARD = "gnu++20";
				CLANG_ENABLE_MODULES = YES;
				CLANG_ENABLE_OBJC_ARC = YES;
				CLANG_ENABLE_OBJC_WEAK = YES;
				CLANG_WARN_BLOCK_CAPTURE_AUTORELEASING = YES;
				CLANG_WARN_BOOL_CONVERSION = YES;
				CLANG_WARN_COMMA = YES;
				CLANG_WARN_CONSTANT_CONVERSION = YES;
				CLANG_WARN_DEPRECATED_OBJC_IMPLEMENTATIONS = YES;
				CLANG_WARN_DIRECT_OBJC_ISA_USAGE = YES_ERROR;
				CLANG_WARN_DOCUMENTATION_COMMENTS = YES;
				CLANG_WARN_EMPTY_BODY = YES;
				CLANG_WARN_ENUM_CONVERSION = YES;
				CLANG_WARN_INFINITE_RECURSION = YES;
				CLANG_WARN_INT_CONVERSION = YES;
				CLANG_WARN_NON_LITERAL_NULL_CONVERSION = YES;
				CLANG_WARN_OBJC_IMPLICIT_RETAIN_SELF = YES;
				CLANG_WARN_OBJC_LITERAL_CONVERSION = YES;
				CLANG_WARN_OBJC_ROOT_CLASS = YES_ERROR;
				CLANG_WARN_QUOTED_INCLUDE_IN_FRAMEWORK_HEADER = YES;
				CLANG_WARN_RANGE_LOOP_ANALYSIS = YES;
				CLANG_WARN_STRICT_PROTOTYPES = YES;
				CLANG_WARN_SUSPICIOUS_MOVE = YES;
				CLANG_WARN_UNGUARDED_AVAILABILITY = YES_AGGRESSIVE;
				CLANG_WARN_UNREACHABLE_CODE = YES;
				CLANG_WARN__DUPLICATE_METHOD_MATCH = YES;
				COPY_PHASE_STRIP = NO;
				DEBUG_INFORMATION_FORMAT = "dwarf-with-dsym";
				ENABLE_NS_ASSERTIONS = NO;
				ENABLE_STRICT_OBJC_MSGSEND = YES;
				GCC_C_LANGUAGE_STANDARD = gnu11;
				GCC_NO_COMMON_BLOCKS = YES;
				GCC_WARN_64_TO_32_BIT_CONVERSION = YES;
				GCC_WARN_ABOUT_RETURN_TYPE = YES_ERROR;
				GCC_WARN_UNDECLARED_SELECTOR = YES;
				GCC_WARN_UNINITIALIZED_AUTOS = YES_AGGRESSIVE;
				GCC_WARN_UNUSED_FUNCTION = YES;
				GCC_WARN_UNUSED_VARIABLE = YES;
				IPHONEOS_DEPLOYMENT_TARGET = 16.1;
				MTL_ENABLE_DEBUG_INFO = NO;
				MTL_FAST_MATH = YES;
				SDKROOT = iphoneos;
				SWIFT_COMPILATION_MODE = wholemodule;
				SWIFT_OPTIMIZATION_LEVEL = "-O";
				VALIDATE_PRODUCT = YES;
			};
			name = Release;
		};
		5F6D84F428D52E8A00716C86 /* Debug */ = {
			isa = XCBuildConfiguration;
			buildSettings = {
				ASSETCATALOG_COMPILER_APPICON_NAME = AppIcon;
				ASSETCATALOG_COMPILER_GLOBAL_ACCENT_COLOR_NAME = AccentColor;
				CODE_SIGN_STYLE = Automatic;
				CURRENT_PROJECT_VERSION = 1;
				DEVELOPMENT_ASSET_PATHS = "\"SpaceTime/Preview Content\"";
				DEVELOPMENT_TEAM = G8R2CB3JGD;
				ENABLE_PREVIEWS = YES;
				GENERATE_INFOPLIST_FILE = YES;
				INFOPLIST_FILE = SpaceTime/Info.plist;
				INFOPLIST_KEY_UIApplicationSupportsIndirectInputEvents = YES;
				INFOPLIST_KEY_UILaunchScreen_Generation = YES;
				INFOPLIST_KEY_UISupportedInterfaceOrientations_iPad = "UIInterfaceOrientationPortrait UIInterfaceOrientationPortraitUpsideDown UIInterfaceOrientationLandscapeLeft UIInterfaceOrientationLandscapeRight";
				INFOPLIST_KEY_UISupportedInterfaceOrientations_iPhone = "UIInterfaceOrientationPortrait UIInterfaceOrientationLandscapeLeft UIInterfaceOrientationLandscapeRight";
				IPHONEOS_DEPLOYMENT_TARGET = 16.0;
				LD_RUNPATH_SEARCH_PATHS = (
					"$(inherited)",
					"@executable_path/Frameworks",
				);
				MARKETING_VERSION = 1.0;
				PRODUCT_BUNDLE_IDENTIFIER = com.mux.SpaceTime;
				PRODUCT_NAME = "$(TARGET_NAME)";
				SWIFT_EMIT_LOC_STRINGS = YES;
				SWIFT_VERSION = 5.0;
				TARGETED_DEVICE_FAMILY = "1,2";
			};
			name = Debug;
		};
		5F6D84F528D52E8A00716C86 /* Release */ = {
			isa = XCBuildConfiguration;
			buildSettings = {
				ASSETCATALOG_COMPILER_APPICON_NAME = AppIcon;
				ASSETCATALOG_COMPILER_GLOBAL_ACCENT_COLOR_NAME = AccentColor;
				CODE_SIGN_STYLE = Automatic;
				CURRENT_PROJECT_VERSION = 1;
				DEVELOPMENT_ASSET_PATHS = "\"SpaceTime/Preview Content\"";
				DEVELOPMENT_TEAM = G8R2CB3JGD;
				ENABLE_PREVIEWS = YES;
				GENERATE_INFOPLIST_FILE = YES;
				INFOPLIST_FILE = SpaceTime/Info.plist;
				INFOPLIST_KEY_UIApplicationSupportsIndirectInputEvents = YES;
				INFOPLIST_KEY_UILaunchScreen_Generation = YES;
				INFOPLIST_KEY_UISupportedInterfaceOrientations_iPad = "UIInterfaceOrientationPortrait UIInterfaceOrientationPortraitUpsideDown UIInterfaceOrientationLandscapeLeft UIInterfaceOrientationLandscapeRight";
				INFOPLIST_KEY_UISupportedInterfaceOrientations_iPhone = "UIInterfaceOrientationPortrait UIInterfaceOrientationLandscapeLeft UIInterfaceOrientationLandscapeRight";
				IPHONEOS_DEPLOYMENT_TARGET = 16.0;
				LD_RUNPATH_SEARCH_PATHS = (
					"$(inherited)",
					"@executable_path/Frameworks",
				);
				MARKETING_VERSION = 1.0;
				PRODUCT_BUNDLE_IDENTIFIER = com.mux.SpaceTime;
				PRODUCT_NAME = "$(TARGET_NAME)";
				SWIFT_EMIT_LOC_STRINGS = YES;
				SWIFT_VERSION = 5.0;
				TARGETED_DEVICE_FAMILY = "1,2";
			};
			name = Release;
		};
/* End XCBuildConfiguration section */

/* Begin XCConfigurationList section */
		5F6D84E028D52E8900716C86 /* Build configuration list for PBXProject "SpaceTime" */ = {
			isa = XCConfigurationList;
			buildConfigurations = (
				5F6D84F128D52E8A00716C86 /* Debug */,
				5F6D84F228D52E8A00716C86 /* Release */,
			);
			defaultConfigurationIsVisible = 0;
			defaultConfigurationName = Release;
		};
		5F6D84F328D52E8A00716C86 /* Build configuration list for PBXNativeTarget "SpaceTime" */ = {
			isa = XCConfigurationList;
			buildConfigurations = (
				5F6D84F428D52E8A00716C86 /* Debug */,
				5F6D84F528D52E8A00716C86 /* Release */,
			);
			defaultConfigurationIsVisible = 0;
			defaultConfigurationName = Release;
		};
/* End XCConfigurationList section */

/* Begin XCRemoteSwiftPackageReference section */
		5FB1A73728D6348300560C39 /* XCRemoteSwiftPackageReference "Swift-JWT" */ = {
			isa = XCRemoteSwiftPackageReference;
			repositoryURL = "https://github.com/Kitura/Swift-JWT.git";
			requirement = {
				branch = master;
				kind = branch;
			};
		};
/* End XCRemoteSwiftPackageReference section */

/* Begin XCSwiftPackageProductDependency section */
		5FB1A73828D6348300560C39 /* SwiftJWT */ = {
			isa = XCSwiftPackageProductDependency;
			package = 5FB1A73728D6348300560C39 /* XCRemoteSwiftPackageReference "Swift-JWT" */;
			productName = SwiftJWT;
		};
/* End XCSwiftPackageProductDependency section */
	};
	rootObject = 5F6D84DD28D52E8900716C86 /* Project object */;
}
